
Microsoft Visual Studio Solution File, Format Version 12.00
# Visual Studio Version 16
VisualStudioVersion = 16.0.31424.327
MinimumVisualStudioVersion = 10.0.40219.1
Project("{9A19103F-16F7-4668-BE54-9A1E7A4F7556}") = "Backend", "Backend.csproj", "{72F81A6C-8212-461F-9F0C-C0FE7636688F}"
EndProject
Global
	GlobalSection(SolutionConfigurationPlatforms) = preSolution
		Debug|Any CPU = Debug|Any CPU
		Release|Any CPU = Release|Any CPU
	EndGlobalSection
	GlobalSection(ProjectConfigurationPlatforms) = postSolution
		{72F81A6C-8212-461F-9F0C-C0FE7636688F}.Debug|Any CPU.ActiveCfg = Debug|Any CPU
		{72F81A6C-8212-461F-9F0C-C0FE7636688F}.Debug|Any CPU.Build.0 = Debug|Any CPU
		{72F81A6C-8212-461F-9F0C-C0FE7636688F}.Release|Any CPU.ActiveCfg = Release|Any CPU
		{72F81A6C-8212-461F-9F0C-C0FE7636688F}.Release|Any CPU.Build.0 = Release|Any CPU
	EndGlobalSection
	GlobalSection(SolutionProperties) = preSolution
		HideSolutionNode = FALSE
	EndGlobalSection
	GlobalSection(ExtensibilityGlobals) = postSolution
		SolutionGuid = {C4CF67E8-71D7-44CF-812D-3939F181883F}
	EndGlobalSection
EndGlobal